{
  "name": "buddyboss-custom-code",
  "version": "1.0.0",
  "lockfileVersion": 1,
  "requires": true,
  "dependencies": {
    "react-native-file-viewer": {
      "version": "2.1.5",
      "resolved": "https://registry.npmjs.org/react-native-file-viewer/-/react-native-file-viewer-2.1.5.tgz",
      "integrity": "sha512-MGC6sx9jsqHdefhVQ6o0akdsPGpkXgiIbpygb2Sg4g4bh7v6K1cardLV1NwGB9A6u1yICOSDT/MOC//9Ez6EUg=="
    }
  }
}
